# @generated by Move, please check-in and do not edit manually.

[move]
version = 3
manifest_digest = "FCA4401F4FC963A992F0081F1F6C4A0A21566723B67500AAC7C1CE21206773D2"
deps_digest = "397E6A9F7A624706DBDFEE056CE88391A15876868FD18A88504DA74EB458D697"
dependencies = [
  { id = "Iota", name = "Iota" },
  { id = "IotaSystem", name = "IotaSystem" },
  { id = "MoveStdlib", name = "MoveStdlib" },
  { id = "Pyth", name = "Pyth" },
  { id = "Stardust", name = "Stardust" },
]

[[move.package]]
id = "Iota"
source = { git = "https://github.com/iotaledger/iota.git", rev = "9ee2fa53971d35e92848e0117db278613aef4a79", subdir = "crates/iota-framework/packages/iota-framework" }

dependencies = [
  { id = "MoveStdlib", name = "MoveStdlib" },
]

[[move.package]]
id = "IotaSystem"
source = { git = "https://github.com/iotaledger/iota.git", rev = "9ee2fa53971d35e92848e0117db278613aef4a79", subdir = "crates/iota-framework/packages/iota-system" }

dependencies = [
  { id = "Iota", name = "Iota" },
  { id = "MoveStdlib", name = "MoveStdlib" },
]

[[move.package]]
id = "MoveStdlib"
source = { git = "https://github.com/iotaledger/iota.git", rev = "9ee2fa53971d35e92848e0117db278613aef4a79", subdir = "crates/iota-framework/packages/move-stdlib" }

[[move.package]]
id = "Pyth"
source = { git = "https://github.com/pyth-network/pyth-crosschain.git", rev = "iota-contract-testnet", subdir = "target_chains/sui/contracts" }

dependencies = [
  { id = "Iota", name = "Iota" },
  { id = "Wormhole", name = "Wormhole" },
]

[[move.package]]
id = "Stardust"
source = { git = "https://github.com/iotaledger/iota.git", rev = "9ee2fa53971d35e92848e0117db278613aef4a79", subdir = "crates/iota-framework/packages/stardust" }

dependencies = [
  { id = "Iota", name = "Iota" },
  { id = "MoveStdlib", name = "MoveStdlib" },
]

[[move.package]]
id = "Wormhole"
source = { git = "https://github.com/pyth-network/pyth-crosschain.git", rev = "iota-contract-testnet", subdir = "target_chains/sui/vendor/wormhole_iota_testnet/wormhole" }

dependencies = [
  { id = "Iota", name = "Iota" },
]

[move.toolchain-version]
compiler-version = "1.10.0-rc"
edition = "2024"
flavor = "iota"

[env]

[env.testnet]
chain-id = "2304aa97"
original-published-id = "0x2506d448a995c8fd26f3e3a2276409b241fbb4aab54a93256c59670b946d46e0"
latest-published-id = "0x2506d448a995c8fd26f3e3a2276409b241fbb4aab54a93256c59670b946d46e0"
published-version = "1"
